
Microsoft Visual Studio Solution File, Format Version 12.00
# Visual Studio 15
VisualStudioVersion = 15.0.27428.2037
MinimumVisualStudioVersion = 10.0.40219.1
Project("{9A19103F-16F7-4668-BE54-9A1E7A4F7556}") = "SmartLakesLambda", "SmartLakesLambda\SmartLakesLambda.csproj", "{BF15D9A8-71A9-4944-90C8-9193DE24D13B}"
EndProject
Global
	GlobalSection(SolutionConfigurationPlatforms) = preSolution
		Debug|Any CPU = Debug|Any CPU
		Release|Any CPU = Release|Any CPU
	EndGlobalSection
	GlobalSection(ProjectConfigurationPlatforms) = postSolution
		{BF15D9A8-71A9-4944-90C8-9193DE24D13B}.Debug|Any CPU.ActiveCfg = Debug|Any CPU
		{BF15D9A8-71A9-4944-90C8-9193DE24D13B}.Debug|Any CPU.Build.0 = Debug|Any CPU
		{BF15D9A8-71A9-4944-90C8-9193DE24D13B}.Release|Any CPU.ActiveCfg = Release|Any CPU
		{BF15D9A8-71A9-4944-90C8-9193DE24D13B}.Release|Any CPU.Build.0 = Release|Any CPU
	EndGlobalSection
	GlobalSection(SolutionProperties) = preSolution
		HideSolutionNode = FALSE
	EndGlobalSection
	GlobalSection(ExtensibilityGlobals) = postSolution
		SolutionGuid = {88C3C636-ADF5-4A18-AC14-2CE92E975767}
	EndGlobalSection
EndGlobal
